<Solution>
  <Folder Name="/Api/">
    <Project Path="src/Api/PVHSAUDE.Api.csproj" Id="32a4e66b-957d-4dcd-b6c1-0404fcbbf7dc" />
  </Folder>
  <Folder Name="/Application/">
    <Project Path="src/Application/PVHSAUDE.Application.csproj" Id="e462dd9a-ca8d-4275-b162-d59b0e6df34b" />
  </Folder>
  <Folder Name="/Domain/">
    <Project Path="src/Domain/PVHSAUDE.Domain.csproj" Id="9eefa31a-c707-4524-bdb6-c607f4beab63" />
  </Folder>
  <Folder Name="/Infra/">
    <Project Path="src/Infra/Infra.Auth/PVHSAUDE.Infra.Auth.csproj" Id="ebbbce16-ea95-48d3-969a-ca6349efd63a" />
    <Project Path="src/Infra/Infra.Data/PVHSAUDE.Infra.Data.csproj" Id="26d4e3ec-8c57-43f7-a3d9-74fc1e5ddde4" />
    <Project Path="src/Infra/Infra.Helper/PVHSAUDE.Infra.Helper.csproj" Id="21429913-d158-4a53-a9d5-4a0955b4afc0" />
    <Project Path="src/Infra/Infra.Ioc/PVHSAUDE.Infra.Ioc.csproj" Id="bffe811b-2114-4ec7-aae9-320bf245e657" />
  </Folder>
  <Folder Name="/Web/">
    <Project Path="src/Web/PVHSAUDE.Web.csproj" Id="33d29f3e-7eef-45e8-89ad-0db62997298c" />
  </Folder>
</Solution>
